PODS:
  - Alamofire (4.9.0)
  - IQKeyboardManagerSwift (6.5.2)
  - Ji (5.0.0)
  - Kingfisher (4.10.1)
  - MarqueeLabel (4.0.1)
  - MOLH (1.0)
  - NVActivityIndicatorView (4.8.0):
    - NVActivityIndicatorView/Presenter (= 4.8.0)
  - NVActivityIndicatorView/Presenter (4.8.0)
  - SideMenuSwift (2.0.3)
  - UICircularProgressRing (6.5.0)

DEPENDENCIES:
  - Alamofire
  - IQKeyboardManagerSwift
  - Ji (~> 5.0.0)
  - Kingfisher
  - MarqueeLabel
  - MOLH
  - NVActivityIndicatorView
  - SideMenuSwift
  - UICircularProgressRing

SPEC REPOS:
  trunk:
    - Alamofire
    - IQKeyboardManagerSwift
    - Ji
    - Kingfisher
    - MarqueeLabel
    - MOLH
    - NVActivityIndicatorView
    - SideMenuSwift
    - UICircularProgressRing

SPEC CHECKSUMS:
  Alamofire: afc3e7c6db61476cb45cdd23fed06bad03bbc321
  IQKeyboardManagerSwift: c75366f1f19590e8caeae45fcd5815c9289d6099
  Ji: d795fed288fe78658b404c88946d753b17d8d7f4
  Kingfisher: c148cd7b47ebde9989f6bc7c27dcaa79d81279a0
  MarqueeLabel: d24e821159667c93064ea3042ccf1875ca94db6b
  MOLH: 2492e7f8fe3400580832312dc0fb9e05d7e92726
  NVActivityIndicatorView: d24b7ebcf80af5dcd994adb650e2b6c93379270f
  SideMenuSwift: 5c2b1496544ce3f1f08f4dddf4810eaac49f543d
  UICircularProgressRing: e6852e8f88e296cbbbe2720cccb55241acda6708

PODFILE CHECKSUM: 4031fb14971e632e01e05239fbb843f62541ce12

COCOAPODS: 1.8.4
